
Microsoft Visual Studio Solution File, Format Version 12.00
# Visual Studio 15
VisualStudioVersion = 15.0.26730.12
MinimumVisualStudioVersion = 10.0.40219.1
Project("{FAE04EC0-301F-11D3-BF4B-00C04F79EFBC}") = "CalculatorInCsharp", "CalculatorInCsharp\CalculatorInCsharp.csproj", "{473036C8-C148-4098-86E3-7806633A4973}"
EndProject
Global
	GlobalSection(SolutionConfigurationPlatforms) = preSolution
		Debug|Any CPU = Debug|Any CPU
		Release|Any CPU = Release|Any CPU
	EndGlobalSection
	GlobalSection(ProjectConfigurationPlatforms) = postSolution
		{473036C8-C148-4098-86E3-7806633A4973}.Debug|Any CPU.ActiveCfg = Debug|Any CPU
		{473036C8-C148-4098-86E3-7806633A4973}.Debug|Any CPU.Build.0 = Debug|Any CPU
		{473036C8-C148-4098-86E3-7806633A4973}.Release|Any CPU.ActiveCfg = Release|Any CPU
		{473036C8-C148-4098-86E3-7806633A4973}.Release|Any CPU.Build.0 = Release|Any CPU
	EndGlobalSection
	GlobalSection(SolutionProperties) = preSolution
		HideSolutionNode = FALSE
	EndGlobalSection
	GlobalSection(ExtensibilityGlobals) = postSolution
		SolutionGuid = {6A5EEFBD-D843-40F9-AA3A-3E5516B19386}
	EndGlobalSection
EndGlobal
